
Microsoft Visual Studio Solution File, Format Version 12.00
# Visual Studio Version 17
VisualStudioVersion = 17.3.32819.101
MinimumVisualStudioVersion = 10.0.40219.1
Project("{FAE04EC0-301F-11D3-BF4B-00C04F79EFBC}") = "MessageBox", "MessageBox\MessageBox.csproj", "{B409AC93-B5A5-4453-B86A-846D7771C36D}"
EndProject
Global
	GlobalSection(SolutionConfigurationPlatforms) = preSolution
		Debug|Any CPU = Debug|Any CPU
		Release|Any CPU = Release|Any CPU
	EndGlobalSection
	GlobalSection(ProjectConfigurationPlatforms) = postSolution
		{B409AC93-B5A5-4453-B86A-846D7771C36D}.Debug|Any CPU.ActiveCfg = Debug|Any CPU
		{B409AC93-B5A5-4453-B86A-846D7771C36D}.Debug|Any CPU.Build.0 = Debug|Any CPU
		{B409AC93-B5A5-4453-B86A-846D7771C36D}.Release|Any CPU.ActiveCfg = Release|Any CPU
		{B409AC93-B5A5-4453-B86A-846D7771C36D}.Release|Any CPU.Build.0 = Release|Any CPU
	EndGlobalSection
	GlobalSection(SolutionProperties) = preSolution
		HideSolutionNode = FALSE
	EndGlobalSection
	GlobalSection(ExtensibilityGlobals) = postSolution
		SolutionGuid = {8CF16872-D972-42CB-88F5-D47B11512E14}
	EndGlobalSection
EndGlobal
